{
  "name": "sulatcms",
  "version": "0.1.0",
  "lockfileVersion": 1,
  "requires": true,
  "dependencies": {
    "@ckeditor/ckeditor5-build-classic": {
      "version": "1.0.0-beta.1",
      "resolved": "https://registry.npmjs.org/@ckeditor/ckeditor5-build-classic/-/ckeditor5-build-classic-1.0.0-beta.1.tgz",
      "integrity": "sha1-NjT53ImBqruzjg4O3SRBY7Her1g="
    }
  }
}
